
Microsoft Visual Studio Solution File, Format Version 12.00
# Visual Studio Version 16
VisualStudioVersion = 16.0.29911.84
MinimumVisualStudioVersion = 10.0.40219.1
Project("{9A19103F-16F7-4668-BE54-9A1E7A4F7556}") = "BirdsiteLive", "BirdsiteLive\BirdsiteLive.csproj", "{4059D92B-A86B-4765-A905-EFC2D7259C34}"
EndProject
Project("{9A19103F-16F7-4668-BE54-9A1E7A4F7556}") = "BirdsiteLive.Cryptography", "BirdsiteLive.Cryptography\BirdsiteLive.Cryptography.csproj", "{160AD138-4E29-4706-8546-9826B529E9B2}"
EndProject
Project("{2150E333-8FDC-42A3-9474-1A3956D46DE8}") = "Domain", "Domain", "{4FEAD6BC-3C8E-451A-8CA1-FF1AF47D26CC}"
EndProject
Project("{9A19103F-16F7-4668-BE54-9A1E7A4F7556}") = "BirdsiteLive.Twitter", "BirdsiteLive.Twitter\BirdsiteLive.Twitter.csproj", "{77C559D1-80A2-4B1C-A566-AE2D156944A4}"
EndProject
Project("{9A19103F-16F7-4668-BE54-9A1E7A4F7556}") = "BirdsiteLive.Common", "BirdsiteLive.Common\BirdsiteLive.Common.csproj", "{E64E7501-5DB8-4620-BA35-BA59FD746ABA}"
EndProject
Project("{2150E333-8FDC-42A3-9474-1A3956D46DE8}") = "Tests", "Tests", "{A32D3458-09D0-4E0A-BA4B-8C411B816B94}"
EndProject
Project("{9A19103F-16F7-4668-BE54-9A1E7A4F7556}") = "BirdsiteLive.Cryptography.Tests", "Tests\BirdsiteLive.Cryptography.Tests\BirdsiteLive.Cryptography.Tests.csproj", "{155D46A4-2D05-47F2-8FFC-0B7C412A7652}"
EndProject
Project("{9A19103F-16F7-4668-BE54-9A1E7A4F7556}") = "BirdsiteLive.Domain", "BirdsiteLive.Domain\BirdsiteLive.Domain.csproj", "{D48450EE-D8BD-4228-9864-043AC88F7EE0}"
EndProject
Project("{9A19103F-16F7-4668-BE54-9A1E7A4F7556}") = "BirdsiteLive.ActivityPub", "BirdsiteLive.ActivityPub\BirdsiteLive.ActivityPub.csproj", "{7463E1E2-9736-4A46-8507-010BDD8ECFBB}"
EndProject
Project("{9A19103F-16F7-4668-BE54-9A1E7A4F7556}") = "BirdsiteLive.ActivityPub.Tests", "Tests\BirdsiteLive.ActivityPub.Tests\BirdsiteLive.ActivityPub.Tests.csproj", "{1D713961-9926-41FF-8D6A-8A4B8D548484}"
EndProject
Project("{2150E333-8FDC-42A3-9474-1A3956D46DE8}") = "DataAccessLayers", "DataAccessLayers", "{CFAB3509-3931-42DB-AC97-4F91FC2D849C}"
EndProject
Project("{9A19103F-16F7-4668-BE54-9A1E7A4F7556}") = "BirdsiteLive.DAL", "DataAccessLayers\BirdsiteLive.DAL\BirdsiteLive.DAL.csproj", "{47058CAB-DC43-4DD1-8F68-D3D625332905}"
EndProject
Project("{9A19103F-16F7-4668-BE54-9A1E7A4F7556}") = "BirdsiteLive.DAL.Postgres", "DataAccessLayers\BirdsiteLive.DAL.Postgres\BirdsiteLive.DAL.Postgres.csproj", "{87E46519-BBF2-437C-8A5B-CF6CDE7CDAA6}"
EndProject
Project("{9A19103F-16F7-4668-BE54-9A1E7A4F7556}") = "BirdsiteLive.DAL.Postgres.Tests", "Tests\BirdsiteLive.DAL.Postgres.Tests\BirdsiteLive.DAL.Postgres.Tests.csproj", "{CD9489BF-69C8-4705-8774-81C45F4F8FE1}"
EndProject
Project("{2150E333-8FDC-42A3-9474-1A3956D46DE8}") = "Pipeline", "Pipeline", "{DA3C160C-4811-4E26-A5AD-42B81FAF2D7C}"
EndProject
Project("{9A19103F-16F7-4668-BE54-9A1E7A4F7556}") = "BirdsiteLive.Pipeline", "BirdsiteLive.Pipeline\BirdsiteLive.Pipeline.csproj", "{2A8CC30D-D775-47D1-9388-F72A5C32DE2A}"
EndProject
Project("{9A19103F-16F7-4668-BE54-9A1E7A4F7556}") = "BirdsiteLive.Domain.Tests", "Tests\BirdsiteLive.Domain.Tests\BirdsiteLive.Domain.Tests.csproj", "{F544D745-89A8-4DEA-B61C-A7E6C53C1D63}"
EndProject
Project("{9A19103F-16F7-4668-BE54-9A1E7A4F7556}") = "BirdsiteLive.Pipeline.Tests", "Tests\BirdsiteLive.Pipeline.Tests\BirdsiteLive.Pipeline.Tests.csproj", "{BF51CA81-5A7A-46F8-B4FB-861C6BE59298}"
EndProject
Project("{9A19103F-16F7-4668-BE54-9A1E7A4F7556}") = "BirdsiteLive.DAL.Tests", "Tests\BirdsiteLive.DAL.Tests\BirdsiteLive.DAL.Tests.csproj", "{5A1E3EB5-6CBB-470D-8A0D-10F8C18353D5}"
EndProject
Project("{9A19103F-16F7-4668-BE54-9A1E7A4F7556}") = "BirdsiteLive.Moderation", "BirdsiteLive.Moderation\BirdsiteLive.Moderation.csproj", "{4BE541AC-8A93-4FA3-98AC-956CC2D5B748}"
EndProject
Project("{9A19103F-16F7-4668-BE54-9A1E7A4F7556}") = "BirdsiteLive.Moderation.Tests", "Tests\BirdsiteLive.Moderation.Tests\BirdsiteLive.Moderation.Tests.csproj", "{0A311BF3-4FD9-4303-940A-A3778890561C}"
EndProject
Project("{9A19103F-16F7-4668-BE54-9A1E7A4F7556}") = "BirdsiteLive.Common.Tests", "Tests\BirdsiteLive.Common.Tests\BirdsiteLive.Common.Tests.csproj", "{C69F7582-6050-44DC-BAAB-7C8F0BDA525C}"
EndProject
Project("{9A19103F-16F7-4668-BE54-9A1E7A4F7556}") = "BSLManager", "BSLManager\BSLManager.csproj", "{4A84D351-E91B-4E58-8E20-211F0F4991D7}"
EndProject
Project("{FAE04EC0-301F-11D3-BF4B-00C04F79EFBC}") = "BSLManager.Tests", "Tests\BSLManager.Tests\BSLManager.Tests.csproj", "{D4457271-620E-465A-B08E-7FC63C99A2F6}"
EndProject
Global
	GlobalSection(SolutionConfigurationPlatforms) = preSolution
		Debug|Any CPU = Debug|Any CPU
		Release|Any CPU = Release|Any CPU
	EndGlobalSection
	GlobalSection(ProjectConfigurationPlatforms) = postSolution
		{4059D92B-A86B-4765-A905-EFC2D7259C34}.Debug|Any CPU.ActiveCfg = Debug|Any CPU
		{4059D92B-A86B-4765-A905-EFC2D7259C34}.Debug|Any CPU.Build.0 = Debug|Any CPU
		{4059D92B-A86B-4765-A905-EFC2D7259C34}.Release|Any CPU.ActiveCfg = Release|Any CPU
		{4059D92B-A86B-4765-A905-EFC2D7259C34}.Release|Any CPU.Build.0 = Release|Any CPU
		{160AD138-4E29-4706-8546-9826B529E9B2}.Debug|Any CPU.ActiveCfg = Debug|Any CPU
		{160AD138-4E29-4706-8546-9826B529E9B2}.Debug|Any CPU.Build.0 = Debug|Any CPU
		{160AD138-4E29-4706-8546-9826B529E9B2}.Release|Any CPU.ActiveCfg = Release|Any CPU
		{160AD138-4E29-4706-8546-9826B529E9B2}.Release|Any CPU.Build.0 = Release|Any CPU
		{77C559D1-80A2-4B1C-A566-AE2D156944A4}.Debug|Any CPU.ActiveCfg = Debug|Any CPU
		{77C559D1-80A2-4B1C-A566-AE2D156944A4}.Debug|Any CPU.Build.0 = Debug|Any CPU
		{77C559D1-80A2-4B1C-A566-AE2D156944A4}.Release|Any CPU.ActiveCfg = Release|Any CPU
		{77C559D1-80A2-4B1C-A566-AE2D156944A4}.Release|Any CPU.Build.0 = Release|Any CPU
		{E64E7501-5DB8-4620-BA35-BA59FD746ABA}.Debug|Any CPU.ActiveCfg = Debug|Any CPU
		{E64E7501-5DB8-4620-BA35-BA59FD746ABA}.Debug|Any CPU.Build.0 = Debug|Any CPU
		{E64E7501-5DB8-4620-BA35-BA59FD746ABA}.Release|Any CPU.ActiveCfg = Release|Any CPU
		{E64E7501-5DB8-4620-BA35-BA59FD746ABA}.Release|Any CPU.Build.0 = Release|Any CPU
		{155D46A4-2D05-47F2-8FFC-0B7C412A7652}.Debug|Any CPU.ActiveCfg = Debug|Any CPU
		{155D46A4-2D05-47F2-8FFC-0B7C412A7652}.Debug|Any CPU.Build.0 = Debug|Any CPU
		{155D46A4-2D05-47F2-8FFC-0B7C412A7652}.Release|Any CPU.ActiveCfg = Release|Any CPU
		{155D46A4-2D05-47F2-8FFC-0B7C412A7652}.Release|Any CPU.Build.0 = Release|Any CPU
		{D48450EE-D8BD-4228-9864-043AC88F7EE0}.Debug|Any CPU.ActiveCfg = Debug|Any CPU
		{D48450EE-D8BD-4228-9864-043AC88F7EE0}.Debug|Any CPU.Build.0 = Debug|Any CPU
		{D48450EE-D8BD-4228-9864-043AC88F7EE0}.Release|Any CPU.ActiveCfg = Release|Any CPU
		{D48450EE-D8BD-4228-9864-043AC88F7EE0}.Release|Any CPU.Build.0 = Release|Any CPU
		{7463E1E2-9736-4A46-8507-010BDD8ECFBB}.Debug|Any CPU.ActiveCfg = Debug|Any CPU
		{7463E1E2-9736-4A46-8507-010BDD8ECFBB}.Debug|Any CPU.Build.0 = Debug|Any CPU
		{7463E1E2-9736-4A46-8507-010BDD8ECFBB}.Release|Any CPU.ActiveCfg = Release|Any CPU
		{7463E1E2-9736-4A46-8507-010BDD8ECFBB}.Release|Any CPU.Build.0 = Release|Any CPU
		{1D713961-9926-41FF-8D6A-8A4B8D548484}.Debug|Any CPU.ActiveCfg = Debug|Any CPU
		{1D713961-9926-41FF-8D6A-8A4B8D548484}.Debug|Any CPU.Build.0 = Debug|Any CPU
		{1D713961-9926-41FF-8D6A-8A4B8D548484}.Release|Any CPU.ActiveCfg = Release|Any CPU
		{1D713961-9926-41FF-8D6A-8A4B8D548484}.Release|Any CPU.Build.0 = Release|Any CPU
		{47058CAB-DC43-4DD1-8F68-D3D625332905}.Debug|Any CPU.ActiveCfg = Debug|Any CPU
		{47058CAB-DC43-4DD1-8F68-D3D625332905}.Debug|Any CPU.Build.0 = Debug|Any CPU
		{47058CAB-DC43-4DD1-8F68-D3D625332905}.Release|Any CPU.ActiveCfg = Release|Any CPU
		{47058CAB-DC43-4DD1-8F68-D3D625332905}.Release|Any CPU.Build.0 = Release|Any CPU
		{87E46519-BBF2-437C-8A5B-CF6CDE7CDAA6}.Debug|Any CPU.ActiveCfg = Debug|Any CPU
		{87E46519-BBF2-437C-8A5B-CF6CDE7CDAA6}.Debug|Any CPU.Build.0 = Debug|Any CPU
		{87E46519-BBF2-437C-8A5B-CF6CDE7CDAA6}.Release|Any CPU.ActiveCfg = Release|Any CPU
		{87E46519-BBF2-437C-8A5B-CF6CDE7CDAA6}.Release|Any CPU.Build.0 = Release|Any CPU
		{CD9489BF-69C8-4705-8774-81C45F4F8FE1}.Debug|Any CPU.ActiveCfg = Debug|Any CPU
		{CD9489BF-69C8-4705-8774-81C45F4F8FE1}.Debug|Any CPU.Build.0 = Debug|Any CPU
		{CD9489BF-69C8-4705-8774-81C45F4F8FE1}.Release|Any CPU.ActiveCfg = Release|Any CPU
		{CD9489BF-69C8-4705-8774-81C45F4F8FE1}.Release|Any CPU.Build.0 = Release|Any CPU
		{2A8CC30D-D775-47D1-9388-F72A5C32DE2A}.Debug|Any CPU.ActiveCfg = Debug|Any CPU
		{2A8CC30D-D775-47D1-9388-F72A5C32DE2A}.Debug|Any CPU.Build.0 = Debug|Any CPU
		{2A8CC30D-D775-47D1-9388-F72A5C32DE2A}.Release|Any CPU.ActiveCfg = Release|Any CPU
		{2A8CC30D-D775-47D1-9388-F72A5C32DE2A}.Release|Any CPU.Build.0 = Release|Any CPU
		{F544D745-89A8-4DEA-B61C-A7E6C53C1D63}.Debug|Any CPU.ActiveCfg = Debug|Any CPU
		{F544D745-89A8-4DEA-B61C-A7E6C53C1D63}.Debug|Any CPU.Build.0 = Debug|Any CPU
		{F544D745-89A8-4DEA-B61C-A7E6C53C1D63}.Release|Any CPU.ActiveCfg = Release|Any CPU
		{F544D745-89A8-4DEA-B61C-A7E6C53C1D63}.Release|Any CPU.Build.0 = Release|Any CPU
		{BF51CA81-5A7A-46F8-B4FB-861C6BE59298}.Debug|Any CPU.ActiveCfg = Debug|Any CPU
		{BF51CA81-5A7A-46F8-B4FB-861C6BE59298}.Debug|Any CPU.Build.0 = Debug|Any CPU
		{BF51CA81-5A7A-46F8-B4FB-861C6BE59298}.Release|Any CPU.ActiveCfg = Release|Any CPU
		{BF51CA81-5A7A-46F8-B4FB-861C6BE59298}.Release|Any CPU.Build.0 = Release|Any CPU
		{5A1E3EB5-6CBB-470D-8A0D-10F8C18353D5}.Debug|Any CPU.ActiveCfg = Debug|Any CPU
		{5A1E3EB5-6CBB-470D-8A0D-10F8C18353D5}.Debug|Any CPU.Build.0 = Debug|Any CPU
		{5A1E3EB5-6CBB-470D-8A0D-10F8C18353D5}.Release|Any CPU.ActiveCfg = Release|Any CPU
		{5A1E3EB5-6CBB-470D-8A0D-10F8C18353D5}.Release|Any CPU.Build.0 = Release|Any CPU
		{4BE541AC-8A93-4FA3-98AC-956CC2D5B748}.Debug|Any CPU.ActiveCfg = Debug|Any CPU
		{4BE541AC-8A93-4FA3-98AC-956CC2D5B748}.Debug|Any CPU.Build.0 = Debug|Any CPU
		{4BE541AC-8A93-4FA3-98AC-956CC2D5B748}.Release|Any CPU.ActiveCfg = Release|Any CPU
		{4BE541AC-8A93-4FA3-98AC-956CC2D5B748}.Release|Any CPU.Build.0 = Release|Any CPU
		{0A311BF3-4FD9-4303-940A-A3778890561C}.Debug|Any CPU.ActiveCfg = Debug|Any CPU
		{0A311BF3-4FD9-4303-940A-A3778890561C}.Debug|Any CPU.Build.0 = Debug|Any CPU
		{0A311BF3-4FD9-4303-940A-A3778890561C}.Release|Any CPU.ActiveCfg = Release|Any CPU
		{0A311BF3-4FD9-4303-940A-A3778890561C}.Release|Any CPU.Build.0 = Release|Any CPU
		{C69F7582-6050-44DC-BAAB-7C8F0BDA525C}.Debug|Any CPU.ActiveCfg = Debug|Any CPU
		{C69F7582-6050-44DC-BAAB-7C8F0BDA525C}.Debug|Any CPU.Build.0 = Debug|Any CPU
		{C69F7582-6050-44DC-BAAB-7C8F0BDA525C}.Release|Any CPU.ActiveCfg = Release|Any CPU
		{C69F7582-6050-44DC-BAAB-7C8F0BDA525C}.Release|Any CPU.Build.0 = Release|Any CPU
		{4A84D351-E91B-4E58-8E20-211F0F4991D7}.Debug|Any CPU.ActiveCfg = Debug|Any CPU
		{4A84D351-E91B-4E58-8E20-211F0F4991D7}.Debug|Any CPU.Build.0 = Debug|Any CPU
		{4A84D351-E91B-4E58-8E20-211F0F4991D7}.Release|Any CPU.ActiveCfg = Release|Any CPU
		{4A84D351-E91B-4E58-8E20-211F0F4991D7}.Release|Any CPU.Build.0 = Release|Any CPU
		{D4457271-620E-465A-B08E-7FC63C99A2F6}.Debug|Any CPU.ActiveCfg = Debug|Any CPU
		{D4457271-620E-465A-B08E-7FC63C99A2F6}.Debug|Any CPU.Build.0 = Debug|Any CPU
		{D4457271-620E-465A-B08E-7FC63C99A2F6}.Release|Any CPU.ActiveCfg = Release|Any CPU
		{D4457271-620E-465A-B08E-7FC63C99A2F6}.Release|Any CPU.Build.0 = Release|Any CPU
	EndGlobalSection
	GlobalSection(SolutionProperties) = preSolution
		HideSolutionNode = FALSE
	EndGlobalSection
	GlobalSection(NestedProjects) = preSolution
		{160AD138-4E29-4706-8546-9826B529E9B2} = {4FEAD6BC-3C8E-451A-8CA1-FF1AF47D26CC}
		{77C559D1-80A2-4B1C-A566-AE2D156944A4} = {4FEAD6BC-3C8E-451A-8CA1-FF1AF47D26CC}
		{E64E7501-5DB8-4620-BA35-BA59FD746ABA} = {4FEAD6BC-3C8E-451A-8CA1-FF1AF47D26CC}
		{155D46A4-2D05-47F2-8FFC-0B7C412A7652} = {A32D3458-09D0-4E0A-BA4B-8C411B816B94}
		{D48450EE-D8BD-4228-9864-043AC88F7EE0} = {4FEAD6BC-3C8E-451A-8CA1-FF1AF47D26CC}
		{7463E1E2-9736-4A46-8507-010BDD8ECFBB} = {4FEAD6BC-3C8E-451A-8CA1-FF1AF47D26CC}
		{1D713961-9926-41FF-8D6A-8A4B8D548484} = {A32D3458-09D0-4E0A-BA4B-8C411B816B94}
		{47058CAB-DC43-4DD1-8F68-D3D625332905} = {CFAB3509-3931-42DB-AC97-4F91FC2D849C}
		{87E46519-BBF2-437C-8A5B-CF6CDE7CDAA6} = {CFAB3509-3931-42DB-AC97-4F91FC2D849C}
		{CD9489BF-69C8-4705-8774-81C45F4F8FE1} = {A32D3458-09D0-4E0A-BA4B-8C411B816B94}
		{2A8CC30D-D775-47D1-9388-F72A5C32DE2A} = {DA3C160C-4811-4E26-A5AD-42B81FAF2D7C}
		{F544D745-89A8-4DEA-B61C-A7E6C53C1D63} = {A32D3458-09D0-4E0A-BA4B-8C411B816B94}
		{BF51CA81-5A7A-46F8-B4FB-861C6BE59298} = {A32D3458-09D0-4E0A-BA4B-8C411B816B94}
		{5A1E3EB5-6CBB-470D-8A0D-10F8C18353D5} = {A32D3458-09D0-4E0A-BA4B-8C411B816B94}
		{4BE541AC-8A93-4FA3-98AC-956CC2D5B748} = {DA3C160C-4811-4E26-A5AD-42B81FAF2D7C}
		{0A311BF3-4FD9-4303-940A-A3778890561C} = {A32D3458-09D0-4E0A-BA4B-8C411B816B94}
		{C69F7582-6050-44DC-BAAB-7C8F0BDA525C} = {A32D3458-09D0-4E0A-BA4B-8C411B816B94}
		{D4457271-620E-465A-B08E-7FC63C99A2F6} = {A32D3458-09D0-4E0A-BA4B-8C411B816B94}
	EndGlobalSection
	GlobalSection(ExtensibilityGlobals) = postSolution
		SolutionGuid = {69E8DCAD-4C37-4010-858F-5F94E6FBABCE}
	EndGlobalSection
EndGlobal
