
Microsoft Visual Studio Solution File, Format Version 12.00
# Visual Studio Version 16
VisualStudioVersion = 16.0.29911.84
MinimumVisualStudioVersion = 10.0.40219.1
Project("{FAE04EC0-301F-11D3-BF4B-00C04F79EFBC}") = "BirdsiteLive", "BirdsiteLive\BirdsiteLive.csproj", "{4059D92B-A86B-4765-A905-EFC2D7259C34}"
EndProject
Global
	GlobalSection(SolutionConfigurationPlatforms) = preSolution
		Debug|Any CPU = Debug|Any CPU
		Release|Any CPU = Release|Any CPU
	EndGlobalSection
	GlobalSection(ProjectConfigurationPlatforms) = postSolution
		{4059D92B-A86B-4765-A905-EFC2D7259C34}.Debug|Any CPU.ActiveCfg = Debug|Any CPU
		{4059D92B-A86B-4765-A905-EFC2D7259C34}.Debug|Any CPU.Build.0 = Debug|Any CPU
		{4059D92B-A86B-4765-A905-EFC2D7259C34}.Release|Any CPU.ActiveCfg = Release|Any CPU
		{4059D92B-A86B-4765-A905-EFC2D7259C34}.Release|Any CPU.Build.0 = Release|Any CPU
	EndGlobalSection
	GlobalSection(SolutionProperties) = preSolution
		HideSolutionNode = FALSE
	EndGlobalSection
	GlobalSection(ExtensibilityGlobals) = postSolution
		SolutionGuid = {69E8DCAD-4C37-4010-858F-5F94E6FBABCE}
	EndGlobalSection
EndGlobal
